<?xml version="1.0" encoding="utf-8"?>
<Project ToolsVersion="4.0" xmlns="http://schemas.microsoft.com/developer/msbuild/2003">
  <ItemGroup>
    <Filter Include="Source Files">
      <UniqueIdentifier>{4FC737F1-C7A5-4376-A066-2A32D752A2FF}</UniqueIdentifier>
      <Extensions>cpp;c;cc;cxx;def;odl;idl;hpj;bat;asm;asmx</Extensions>
    </Filter>
    <Filter Include="Header Files">
      <UniqueIdentifier>{93995380-89BD-4b04-88EB-625FBE52EBFB}</UniqueIdentifier>
      <Extensions>h;hh;hpp;hxx;hm;inl;inc;ipp;xsd</Extensions>
    </Filter>
  </ItemGroup>
  <ItemGroup>
    <ClCompile Include="scene.cpp">
      <Filter>Source Files</Filter>
    </ClCompile>
    <ClCompile Include="renderer.cpp">
      <Filter>Source Files</Filter>
    </ClCompile>
    <ClCompile Include="image.cpp">
      <Filter>Source Files</Filter>
    </ClCompile>
    <ClCompile Include="shape.cpp">
      <Filter>Source Files</Filter>
    </ClCompile>
    <ClCompile Include="fast_rand.cpp">
      <Filter>Source Files</Filter>
    </ClCompile>
    <ClCompile Include="serializers.cpp">
      <Filter>Source Files</Filter>
    </ClCompile>
    <ClCompile Include="aabb.cpp">
      <Filter>Source Files</Filter>
    </ClCompile>
    <ClCompile Include="ray.cpp">
      <Filter>Source Files</Filter>
    </ClCompile>
    <ClCompile Include="shapes\sphere.cpp">
      <Filter>Source Files</Filter>
    </ClCompile>
    <ClCompile Include="math.cpp">
      <Filter>Source Files</Filter>
    </ClCompile>
  </ItemGroup>
  <ItemGroup>
    <ClInclude Include="scene.h">
      <Filter>Header Files</Filter>
    </ClInclude>
    <ClInclude Include="renderer.h">
      <Filter>Header Files</Filter>
    </ClInclude>
    <ClInclude Include="image.h">
      <Filter>Header Files</Filter>
    </ClInclude>
    <ClInclude Include="shape.h">
      <Filter>Header Files</Filter>
    </ClInclude>
    <ClInclude Include="fast_rand.h">
      <Filter>Header Files</Filter>
    </ClInclude>
    <ClInclude Include="serializers.h">
      <Filter>Header Files</Filter>
    </ClInclude>
    <ClInclude Include="aabb.h">
      <Filter>Header Files</Filter>
    </ClInclude>
    <ClInclude Include="ray.h">
      <Filter>Header Files</Filter>
    </ClInclude>
    <ClInclude Include="shapes\sphere.h">
      <Filter>Header Files</Filter>
    </ClInclude>
    <ClInclude Include="math.h">
      <Filter>Header Files</Filter>
    </ClInclude>
  </ItemGroup>
  <ItemGroup>
    <None Include="image.inl">
      <Filter>Header Files</Filter>
    </None>
    <None Include="serializers.inl">
      <Filter>Header Files</Filter>
    </None>
  </ItemGroup>
</Project>